// !$*UTF8*$!
{
	archiveVersion = 1;
	classes = {
	};
	objectVersion = 48;
	objects = {

/* Begin PBXBuildFile section */
		12F475CA206AF6F700FE2A60 /* AppDelegate.swift in Sources */ = {isa = PBXBuildFile; fileRef = 12F475C9206AF6F700FE2A60 /* AppDelegate.swift */; };
		12F475CC206AF6F700FE2A60 /* ViewController.swift in Sources */ = {isa = PBXBuildFile; fileRef = 12F475CB206AF6F700FE2A60 /* ViewController.swift */; };
		12F475CF206AF6F700FE2A60 /* Main.storyboard in Resources */ = {isa = PBXBuildFile; fileRef = 12F475CD206AF6F700FE2A60 /* Main.storyboard */; };
		12F475D1206AF6F700FE2A60 /* Assets.xcassets in Resources */ = {isa = PBXBuildFile; fileRef = 12F475D0206AF6F700FE2A60 /* Assets.xcassets */; };
		12F475D4206AF6F700FE2A60 /* LaunchScreen.storyboard in Resources */ = {isa = PBXBuildFile; fileRef = 12F475D2206AF6F700FE2A60 /* LaunchScreen.storyboard */; };
/* End PBXBuildFile section */

/* Begin PBXFileReference section */
		12F475C6206AF6F700FE2A60 /* phanKimi_Homework9.app */ = {isa = PBXFileReference; explicitFileType = wrapper.application; includeInIndex = 0; path = phanKimi_Homework9.app; sourceTree = BUILT_PRODUCTS_DIR; };
		12F475C9206AF6F700FE2A60 /* AppDelegate.swift */ = {isa = PBXFileReference; lastKnownFileType = sourcecode.swift; path = AppDelegate.swift; sourceTree = "<group>"; };
		12F475CB206AF6F700FE2A60 /* ViewController.swift */ = {isa = PBXFileReference; lastKnownFileType = sourcecode.swift; path = ViewController.swift; sourceTree = "<group>"; };
		12F475CE206AF6F700FE2A60 /* Base */ = {isa = PBXFileReference; lastKnownFileType = file.storyboard; name = Base; path = Base.lproj/Main.storyboard; sourceTree = "<group>"; };
		12F475D0206AF6F700FE2A60 /* Assets.xcassets */ = {isa = PBXFileReference; lastKnownFileType = folder.assetcatalog; path = Assets.xcassets; sourceTree = "<group>"; };
		12F475D3206AF6F700FE2A60 /* Base */ = {isa = PBXFileReference; lastKnownFileType = file.storyboard; name = Base; path = Base.lproj/LaunchScreen.storyboard; sourceTree = "<group>"; };
		12F475D5206AF6F700FE2A60 /* Info.plist */ = {isa = PBXFileReference; lastKnownFileType = text.plist.xml; path = Info.plist; sourceTree = "<group>"; };
/* End PBXFileReference section */

/* Begin PBXFrameworksBuildPhase section */
		12F475C3206AF6F700FE2A60 /* Frameworks */ = {
			isa = PBXFrameworksBuildPhase;
			buildActionMask = 2147483647;
			files = (
			);
			runOnlyForDeploymentPostprocessing = 0;
		};
/* End PBXFrameworksBuildPhase section */

/* Begin PBXGroup section */
		12F475BD206AF6F700FE2A60 = {
			isa = PBXGroup;
			children = (
				12F475C8206AF6F700FE2A60 /* phanKimi_Homework9 */,
				12F475C7206AF6F700FE2A60 /* Products */,
			);
			sourceTree = "<group>";
		};
		12F475C7206AF6F700FE2A60 /* Products */ = {
			isa = PBXGroup;
			children = (
				12F475C6206AF6F700FE2A60 /* phanKimi_Homework9.app */,
			);
			name = Products;
			sourceTree = "<group>";
		};
		12F475C8206AF6F700FE2A60 /* phanKimi_Homework9 */ = {
			isa = PBXGroup;
			children = (
				12F475C9206AF6F700FE2A60 /* AppDelegate.swift */,
				12F475CB206AF6F700FE2A60 /* ViewController.swift */,
				12F475CD206AF6F700FE2A60 /* Main.storyboard */,
				12F475D0206AF6F700FE2A60 /* Assets.xcassets */,
				12F475D2206AF6F700FE2A60 /* LaunchScreen.storyboard */,
				12F475D5206AF6F700FE2A60 /* Info.plist */,
			);
			path = phanKimi_Homework9;
			sourceTree = "<group>";
		};
/* End PBXGroup section */

/* Begin PBXNativeTarget section */
		12F475C5206AF6F700FE2A60 /* phanKimi_Homework9 */ = {
			isa = PBXNativeTarget;
			buildConfigurationList = 12F475D8206AF6F700FE2A60 /* Build configuration list for PBXNativeTarget "phanKimi_Homework9" */;
			buildPhases = (
				12F475C2206AF6F700FE2A60 /* Sources */,
				12F475C3206AF6F700FE2A60 /* Frameworks */,
				12F475C4206AF6F700FE2A60 /* Resources */,
			);
			buildRules = (
			);
			dependencies = (
			);
			name = phanKimi_Homework9;
			productName = phanKimi_Homework9;
			productReference = 12F475C6206AF6F700FE2A60 /* phanKimi_Homework9.app */;
			productType = "com.apple.product-type.application";
		};
/* End PBXNativeTarget section */

/* Begin PBXProject section */
		12F475BE206AF6F700FE2A60 /* Project object */ = {
			isa = PBXProject;
			attributes = {
				LastSwiftUpdateCheck = 0920;
				LastUpgradeCheck = 0920;
				ORGANIZATIONNAME = "Kimberlee Phan";
				TargetAttributes = {
					12F475C5206AF6F700FE2A60 = {
						CreatedOnToolsVersion = 9.2;
						ProvisioningStyle = Automatic;
					};
				};
			};
			buildConfigurationList = 12F475C1206AF6F700FE2A60 /* Build configuration list for PBXProject "phanKimi_Homework9" */;
			compatibilityVersion = "Xcode 8.0";
			developmentRegion = en;
			hasScannedForEncodings = 0;
			knownRegions = (
				en,
				Base,
			);
			mainGroup = 12F475BD206AF6F700FE2A60;
			productRefGroup = 12F475C7206AF6F700FE2A60 /* Products */;
			projectDirPath = "";
			projectRoot = "";
			targets = (
				12F475C5206AF6F700FE2A60 /* phanKimi_Homework9 */,
			);
		};
/* End PBXProject section */

/* Begin PBXResourcesBuildPhase section */
		12F475C4206AF6F700FE2A60 /* Resources */ = {
			isa = PBXResourcesBuildPhase;
			buildActionMask = 2147483647;
			files = (
				12F475D4206AF6F700FE2A60 /* LaunchScreen.storyboard in Resources */,
				12F475D1206AF6F700FE2A60 /* Assets.xcassets in Resources */,
				12F475CF206AF6F700FE2A60 /* Main.storyboard in Resources */,
			);
			runOnlyForDeploymentPostprocessing = 0;
		};
/* End PBXResourcesBuildPhase section */

/* Begin PBXSourcesBuildPhase section */
		12F475C2206AF6F700FE2A60 /* Sources */ = {
			isa = PBXSourcesBuildPhase;
			buildActionMask = 2147483647;
			files = (
				12F475CC206AF6F700FE2A60 /* ViewController.swift in Sources */,
				12F475CA206AF6F700FE2A60 /* AppDelegate.swift in Sources */,
			);
			runOnlyForDeploymentPostprocessing = 0;
		};
/* End PBXSourcesBuildPhase section */

/* Begin PBXVariantGroup section */
		12F475CD206AF6F700FE2A60 /* Main.storyboard */ = {
			isa = PBXVariantGroup;
			children = (
				12F475CE206AF6F700FE2A60 /* Base */,
			);
			name = Main.storyboard;
			sourceTree = "<group>";
		};
		12F475D2206AF6F700FE2A60 /* LaunchScreen.storyboard */ = {
			isa = PBXVariantGroup;
			children = (
				12F475D3206AF6F700FE2A60 /* Base */,
			);
			name = LaunchScreen.storyboard;
			sourceTree = "<group>";
		};
/* End PBXVariantGroup section */

/* Begin XCBuildConfiguration section */
		12F475D6206AF6F700FE2A60 /* Debug */ = {
			isa = XCBuildConfiguration;
			buildSettings = {
				ALWAYS_SEARCH_USER_PATHS = NO;
				CLANG_ANALYZER_NONNULL = YES;
				CLANG_ANALYZER_NUMBER_OBJECT_CONVERSION = YES_AGGRESSIVE;
				CLANG_CXX_LANGUAGE_STANDARD = "gnu++14";
				CLANG_CXX_LIBRARY = "libc++";
				CLANG_ENABLE_MODULES = YES;
				CLANG_ENABLE_OBJC_ARC = YES;
				CLANG_WARN_BLOCK_CAPTURE_AUTORELEASING = YES;
				CLANG_WARN_BOOL_CONVERSION = YES;
				CLANG_WARN_COMMA = YES;
				CLANG_WARN_CONSTANT_CONVERSION = YES;
				CLANG_WARN_DIRECT_OBJC_ISA_USAGE = YES_ERROR;
				CLANG_WARN_DOCUMENTATION_COMMENTS = YES;
				CLANG_WARN_EMPTY_BODY = YES;
				CLANG_WARN_ENUM_CONVERSION = YES;
				CLANG_WARN_INFINITE_RECURSION = YES;
				CLANG_WARN_INT_CONVERSION = YES;
				CLANG_WARN_NON_LITERAL_NULL_CONVERSION = YES;
				CLANG_WARN_OBJC_LITERAL_CONVERSION = YES;
				CLANG_WARN_OBJC_ROOT_CLASS = YES_ERROR;
				CLANG_WARN_RANGE_LOOP_ANALYSIS = YES;
				CLANG_WARN_STRICT_PROTOTYPES = YES;
				CLANG_WARN_SUSPICIOUS_MOVE = YES;
				CLANG_WARN_UNGUARDED_AVAILABILITY = YES_AGGRESSIVE;
				CLANG_WARN_UNREACHABLE_CODE = YES;
				CLANG_WARN__DUPLICATE_METHOD_MATCH = YES;
				CODE_SIGN_IDENTITY = "iPhone Developer";
				COPY_PHASE_STRIP = NO;
				DEBUG_INFORMATION_FORMAT = dwarf;
				ENABLE_STRICT_OBJC_MSGSEND = YES;
				ENABLE_TESTABILITY = YES;
				GCC_C_LANGUAGE_STANDARD = gnu11;
				GCC_DYNAMIC_NO_PIC = NO;
				GCC_NO_COMMON_BLOCKS = YES;
				GCC_OPTIMIZATION_LEVEL = 0;
				GCC_PREPROCESSOR_DEFINITIONS = (
					"DEBUG=1",
					"$(inherited)",
				);
				GCC_WARN_64_TO_32_BIT_CONVERSION = YES;
				GCC_WARN_ABOUT_RETURN_TYPE = YES_ERROR;
				GCC_WARN_UNDECLARED_SELECTOR = YES;
				GCC_WARN_UNINITIALIZED_AUTOS = YES_AGGRESSIVE;
				GCC_WARN_UNUSED_FUNCTION = YES;
				GCC_WARN_UNUSED_VARIABLE = YES;
				IPHONEOS_DEPLOYMENT_TARGET = 11.2;
				MTL_ENABLE_DEBUG_INFO = YES;
				ONLY_ACTIVE_ARCH = YES;
				SDKROOT = iphoneos;
				SWIFT_ACTIVE_COMPILATION_CONDITIONS = DEBUG;
				SWIFT_OPTIMIZATION_LEVEL = "-Onone";
			};
			name = Debug;
		};
		12F475D7206AF6F700FE2A60 /* Release */ = {
			isa = XCBuildConfiguration;
			buildSettings = {
				ALWAYS_SEARCH_USER_PATHS = NO;
				CLANG_ANALYZER_NONNULL = YES;
				CLANG_ANALYZER_NUMBER_OBJECT_CONVERSION = YES_AGGRESSIVE;
				CLANG_CXX_LANGUAGE_STANDARD = "gnu++14";
				CLANG_CXX_LIBRARY = "libc++";
				CLANG_ENABLE_MODULES = YES;
				CLANG_ENABLE_OBJC_ARC = YES;
				CLANG_WARN_BLOCK_CAPTURE_AUTORELEASING = YES;
				CLANG_WARN_BOOL_CONVERSION = YES;
				CLANG_WARN_COMMA = YES;
				CLANG_WARN_CONSTANT_CONVERSION = YES;
				CLANG_WARN_DIRECT_OBJC_ISA_USAGE = YES_ERROR;
				CLANG_WARN_DOCUMENTATION_COMMENTS = YES;
				CLANG_WARN_EMPTY_BODY = YES;
				CLANG_WARN_ENUM_CONVERSION = YES;
				CLANG_WARN_INFINITE_RECURSION = YES;
				CLANG_WARN_INT_CONVERSION = YES;
				CLANG_WARN_NON_LITERAL_NULL_CONVERSION = YES;
				CLANG_WARN_OBJC_LITERAL_CONVERSION = YES;
				CLANG_WARN_OBJC_ROOT_CLASS = YES_ERROR;
				CLANG_WARN_RANGE_LOOP_ANALYSIS = YES;
				CLANG_WARN_STRICT_PROTOTYPES = YES;
				CLANG_WARN_SUSPICIOUS_MOVE = YES;
				CLANG_WARN_UNGUARDED_AVAILABILITY = YES_AGGRESSIVE;
				CLANG_WARN_UNREACHABLE_CODE = YES;
				CLANG_WARN__DUPLICATE_METHOD_MATCH = YES;
				CODE_SIGN_IDENTITY = "iPhone Developer";
				COPY_PHASE_STRIP = NO;
				DEBUG_INFORMATION_FORMAT = "dwarf-with-dsym";
				ENABLE_NS_ASSERTIONS = NO;
				ENABLE_STRICT_OBJC_MSGSEND = YES;
				GCC_C_LANGUAGE_STANDARD = gnu11;
				GCC_NO_COMMON_BLOCKS = YES;
				GCC_WARN_64_TO_32_BIT_CONVERSION = YES;
				GCC_WARN_ABOUT_RETURN_TYPE = YES_ERROR;
				GCC_WARN_UNDECLARED_SELECTOR = YES;
				GCC_WARN_UNINITIALIZED_AUTOS = YES_AGGRESSIVE;
				GCC_WARN_UNUSED_FUNCTION = YES;
				GCC_WARN_UNUSED_VARIABLE = YES;
				IPHONEOS_DEPLOYMENT_TARGET = 11.2;
				MTL_ENABLE_DEBUG_INFO = NO;
				SDKROOT = iphoneos;
				SWIFT_OPTIMIZATION_LEVEL = "-Owholemodule";
				VALIDATE_PRODUCT = YES;
			};
			name = Release;
		};
		12F475D9206AF6F700FE2A60 /* Debug */ = {
			isa = XCBuildConfiguration;
			buildSettings = {
				ASSETCATALOG_COMPILER_APPICON_NAME = AppIcon;
				CODE_SIGN_STYLE = Automatic;
				DEVELOPMENT_TEAM = F4DXEH75S5;
				INFOPLIST_FILE = phanKimi_Homework9/Info.plist;
				LD_RUNPATH_SEARCH_PATHS = "$(inherited) @executable_path/Frameworks";
				PRODUCT_BUNDLE_IDENTIFIER = "com.PhanKimi.phanKimi-Homework9";
				PRODUCT_NAME = "$(TARGET_NAME)";
				SWIFT_VERSION = 4.0;
				TARGETED_DEVICE_FAMILY = "1,2";
			};
			name = Debug;
		};
		12F475DA206AF6F700FE2A60 /* Release */ = {
			isa = XCBuildConfiguration;
			buildSettings = {
				ASSETCATALOG_COMPILER_APPICON_NAME = AppIcon;
				CODE_SIGN_STYLE = Automatic;
				DEVELOPMENT_TEAM = F4DXEH75S5;
				INFOPLIST_FILE = phanKimi_Homework9/Info.plist;
				LD_RUNPATH_SEARCH_PATHS = "$(inherited) @executable_path/Frameworks";
				PRODUCT_BUNDLE_IDENTIFIER = "com.PhanKimi.phanKimi-Homework9";
				PRODUCT_NAME = "$(TARGET_NAME)";
				SWIFT_VERSION = 4.0;
				TARGETED_DEVICE_FAMILY = "1,2";
			};
			name = Release;
		};
/* End XCBuildConfiguration section */

/* Begin XCConfigurationList section */
		12F475C1206AF6F700FE2A60 /* Build configuration list for PBXProject "phanKimi_Homework9" */ = {
			isa = XCConfigurationList;
			buildConfigurations = (
				12F475D6206AF6F700FE2A60 /* Debug */,
				12F475D7206AF6F700FE2A60 /* Release */,
			);
			defaultConfigurationIsVisible = 0;
			defaultConfigurationName = Release;
		};
		12F475D8206AF6F700FE2A60 /* Build configuration list for PBXNativeTarget "phanKimi_Homework9" */ = {
			isa = XCConfigurationList;
			buildConfigurations = (
				12F475D9206AF6F700FE2A60 /* Debug */,
				12F475DA206AF6F700FE2A60 /* Release */,
			);
			defaultConfigurationIsVisible = 0;
			defaultConfigurationName = Release;
		};
/* End XCConfigurationList section */
	};
	rootObject = 12F475BE206AF6F700FE2A60 /* Project object */;
}
